
Microsoft Visual Studio Solution File, Format Version 12.00
# Visual Studio Version 16
VisualStudioVersion = 16.0.30907.101
MinimumVisualStudioVersion = 10.0.40219.1
Project("{FAE04EC0-301F-11D3-BF4B-00C04F79EFBC}") = "JoelHiltonFilms", "JoelHiltonFilms.csproj", "{102C21CC-6F39-494A-86EF-99C3BBEE0024}"
EndProject
Global
	GlobalSection(SolutionConfigurationPlatforms) = preSolution
		Debug|Any CPU = Debug|Any CPU
		Release|Any CPU = Release|Any CPU
	EndGlobalSection
	GlobalSection(ProjectConfigurationPlatforms) = postSolution
		{102C21CC-6F39-494A-86EF-99C3BBEE0024}.Debug|Any CPU.ActiveCfg = Debug|Any CPU
		{102C21CC-6F39-494A-86EF-99C3BBEE0024}.Debug|Any CPU.Build.0 = Debug|Any CPU
		{102C21CC-6F39-494A-86EF-99C3BBEE0024}.Release|Any CPU.ActiveCfg = Release|Any CPU
		{102C21CC-6F39-494A-86EF-99C3BBEE0024}.Release|Any CPU.Build.0 = Release|Any CPU
	EndGlobalSection
	GlobalSection(SolutionProperties) = preSolution
		HideSolutionNode = FALSE
	EndGlobalSection
	GlobalSection(ExtensibilityGlobals) = postSolution
		SolutionGuid = {E8B8D4AD-F077-43AA-AAD8-95B65F0802E2}
	EndGlobalSection
EndGlobal
